
Microsoft Visual Studio Solution File, Format Version 12.00
# Visual Studio 15
VisualStudioVersion = 15.0.26228.4
MinimumVisualStudioVersion = 10.0.40219.1
Project("{9A19103F-16F7-4668-BE54-9A1E7A4F7556}") = "CrazyCore", "src\CrazyCore\CrazyCore.csproj", "{0068F33A-64B0-4D95-A129-44A02B035503}"
EndProject
Project("{9A19103F-16F7-4668-BE54-9A1E7A4F7556}") = "BEPUutilities", "ge\src\BEPU\BEPUutilities\BEPUutilities.csproj", "{34853DEA-43A6-4F2F-A379-D1EE04D256D2}"
EndProject
Project("{9A19103F-16F7-4668-BE54-9A1E7A4F7556}") = "BEPUphysics", "ge\src\BEPU\BEPUphysics\BEPUphysics.csproj", "{C0D52C9F-14B8-4008-8DDC-109C27561A5C}"
EndProject
Project("{9A19103F-16F7-4668-BE54-9A1E7A4F7556}") = "Engine", "ge\src\Engine\Engine.csproj", "{9BFBA3A1-21D4-4CBD-B0E1-A4F3AB80FD30}"
EndProject
Project("{9A19103F-16F7-4668-BE54-9A1E7A4F7556}") = "Editor", "ge\src\Editor\Editor.csproj", "{AE9BC745-284F-569F-82AA-C43AB9425DF2}"
EndProject
Project("{9A19103F-16F7-4668-BE54-9A1E7A4F7556}") = "Engine.Launcher", "ge\src\Engine.Launcher\Engine.Launcher.csproj", "{9DC5384C-0FBF-4986-BBD4-9DC79F006938}"
EndProject
Project("{9A19103F-16F7-4668-BE54-9A1E7A4F7556}") = "Veldrid", "ge\ext\veldrid\src\Veldrid\Veldrid.csproj", "{44EA1584-AE96-4099-A1B9-457E490DD227}"
EndProject
Project("{2150E333-8FDC-42A3-9474-1A3956D46DE8}") = "ext", "ext", "{EAEF68D3-4D77-4FC3-8814-897D905DF8C9}"
EndProject
Project("{9A19103F-16F7-4668-BE54-9A1E7A4F7556}") = "Veldrid.Assets", "ge\ext\veldrid\src\Veldrid.Assets\Veldrid.Assets.csproj", "{4F35CBC7-F073-423C-8606-75ED16F7D7AD}"
EndProject
Project("{9A19103F-16F7-4668-BE54-9A1E7A4F7556}") = "ImGui.NET", "ge\ext\imgui.net\src\ImGui.NET\ImGui.NET.csproj", "{9E8469DA-B000-450E-A609-CC9499478790}"
EndProject
Project("{9A19103F-16F7-4668-BE54-9A1E7A4F7556}") = "SharpFont.NETCore", "ge\ext\sharpfont\SharpFont\SharpFont.NETCore.csproj", "{4A582D73-0143-4CFC-91E8-463DDCC604CC}"
EndProject
Global
	GlobalSection(SolutionConfigurationPlatforms) = preSolution
		Debug|Any CPU = Debug|Any CPU
		Release|Any CPU = Release|Any CPU
	EndGlobalSection
	GlobalSection(ProjectConfigurationPlatforms) = postSolution
		{0068F33A-64B0-4D95-A129-44A02B035503}.Debug|Any CPU.ActiveCfg = Debug|Any CPU
		{0068F33A-64B0-4D95-A129-44A02B035503}.Debug|Any CPU.Build.0 = Debug|Any CPU
		{0068F33A-64B0-4D95-A129-44A02B035503}.Release|Any CPU.ActiveCfg = Release|Any CPU
		{0068F33A-64B0-4D95-A129-44A02B035503}.Release|Any CPU.Build.0 = Release|Any CPU
		{34853DEA-43A6-4F2F-A379-D1EE04D256D2}.Debug|Any CPU.ActiveCfg = Debug|Any CPU
		{34853DEA-43A6-4F2F-A379-D1EE04D256D2}.Debug|Any CPU.Build.0 = Debug|Any CPU
		{34853DEA-43A6-4F2F-A379-D1EE04D256D2}.Release|Any CPU.ActiveCfg = Release|Any CPU
		{34853DEA-43A6-4F2F-A379-D1EE04D256D2}.Release|Any CPU.Build.0 = Release|Any CPU
		{C0D52C9F-14B8-4008-8DDC-109C27561A5C}.Debug|Any CPU.ActiveCfg = Debug|Any CPU
		{C0D52C9F-14B8-4008-8DDC-109C27561A5C}.Debug|Any CPU.Build.0 = Debug|Any CPU
		{C0D52C9F-14B8-4008-8DDC-109C27561A5C}.Release|Any CPU.ActiveCfg = Release|Any CPU
		{C0D52C9F-14B8-4008-8DDC-109C27561A5C}.Release|Any CPU.Build.0 = Release|Any CPU
		{9BFBA3A1-21D4-4CBD-B0E1-A4F3AB80FD30}.Debug|Any CPU.ActiveCfg = Debug|Any CPU
		{9BFBA3A1-21D4-4CBD-B0E1-A4F3AB80FD30}.Debug|Any CPU.Build.0 = Debug|Any CPU
		{9BFBA3A1-21D4-4CBD-B0E1-A4F3AB80FD30}.Release|Any CPU.ActiveCfg = Release|Any CPU
		{9BFBA3A1-21D4-4CBD-B0E1-A4F3AB80FD30}.Release|Any CPU.Build.0 = Release|Any CPU
		{AE9BC745-284F-569F-82AA-C43AB9425DF2}.Debug|Any CPU.ActiveCfg = Debug|Any CPU
		{AE9BC745-284F-569F-82AA-C43AB9425DF2}.Debug|Any CPU.Build.0 = Debug|Any CPU
		{AE9BC745-284F-569F-82AA-C43AB9425DF2}.Release|Any CPU.ActiveCfg = Release|Any CPU
		{AE9BC745-284F-569F-82AA-C43AB9425DF2}.Release|Any CPU.Build.0 = Release|Any CPU
		{9DC5384C-0FBF-4986-BBD4-9DC79F006938}.Debug|Any CPU.ActiveCfg = Debug|Any CPU
		{9DC5384C-0FBF-4986-BBD4-9DC79F006938}.Debug|Any CPU.Build.0 = Debug|Any CPU
		{9DC5384C-0FBF-4986-BBD4-9DC79F006938}.Release|Any CPU.ActiveCfg = Release|Any CPU
		{9DC5384C-0FBF-4986-BBD4-9DC79F006938}.Release|Any CPU.Build.0 = Release|Any CPU
		{44EA1584-AE96-4099-A1B9-457E490DD227}.Debug|Any CPU.ActiveCfg = Debug|Any CPU
		{44EA1584-AE96-4099-A1B9-457E490DD227}.Debug|Any CPU.Build.0 = Debug|Any CPU
		{44EA1584-AE96-4099-A1B9-457E490DD227}.Release|Any CPU.ActiveCfg = Release|Any CPU
		{44EA1584-AE96-4099-A1B9-457E490DD227}.Release|Any CPU.Build.0 = Release|Any CPU
		{4F35CBC7-F073-423C-8606-75ED16F7D7AD}.Debug|Any CPU.ActiveCfg = Debug|Any CPU
		{4F35CBC7-F073-423C-8606-75ED16F7D7AD}.Debug|Any CPU.Build.0 = Debug|Any CPU
		{4F35CBC7-F073-423C-8606-75ED16F7D7AD}.Release|Any CPU.ActiveCfg = Release|Any CPU
		{4F35CBC7-F073-423C-8606-75ED16F7D7AD}.Release|Any CPU.Build.0 = Release|Any CPU
		{9E8469DA-B000-450E-A609-CC9499478790}.Debug|Any CPU.ActiveCfg = Debug|Any CPU
		{9E8469DA-B000-450E-A609-CC9499478790}.Debug|Any CPU.Build.0 = Debug|Any CPU
		{9E8469DA-B000-450E-A609-CC9499478790}.Release|Any CPU.ActiveCfg = Release|Any CPU
		{9E8469DA-B000-450E-A609-CC9499478790}.Release|Any CPU.Build.0 = Release|Any CPU
		{4A582D73-0143-4CFC-91E8-463DDCC604CC}.Debug|Any CPU.ActiveCfg = Debug|Any CPU
		{4A582D73-0143-4CFC-91E8-463DDCC604CC}.Debug|Any CPU.Build.0 = Debug|Any CPU
		{4A582D73-0143-4CFC-91E8-463DDCC604CC}.Release|Any CPU.ActiveCfg = Release|Any CPU
		{4A582D73-0143-4CFC-91E8-463DDCC604CC}.Release|Any CPU.Build.0 = Release|Any CPU
	EndGlobalSection
	GlobalSection(SolutionProperties) = preSolution
		HideSolutionNode = FALSE
	EndGlobalSection
	GlobalSection(NestedProjects) = preSolution
		{44EA1584-AE96-4099-A1B9-457E490DD227} = {EAEF68D3-4D77-4FC3-8814-897D905DF8C9}
		{4F35CBC7-F073-423C-8606-75ED16F7D7AD} = {EAEF68D3-4D77-4FC3-8814-897D905DF8C9}
		{9E8469DA-B000-450E-A609-CC9499478790} = {EAEF68D3-4D77-4FC3-8814-897D905DF8C9}
		{4A582D73-0143-4CFC-91E8-463DDCC604CC} = {EAEF68D3-4D77-4FC3-8814-897D905DF8C9}
	EndGlobalSection
EndGlobal
