
Microsoft Visual Studio Solution File, Format Version 12.00
# Visual Studio 15
VisualStudioVersion = 15.0.26124.0
MinimumVisualStudioVersion = 15.0.26124.0
Project("{2150E333-8FDC-42A3-9474-1A3956D46DE8}") = "src", "src", "{08E647B6-AF77-4993-9D23-F31AC2FDAFFD}"
EndProject
Project("{13B669BE-BB05-4DDF-9536-439F39A36129}") = "CrazyCore", "src\CrazyCore\CrazyCore.csproj", "{0068F33A-64B0-4D95-A129-44A02B035503}"
EndProject
Project("{2150E333-8FDC-42A3-9474-1A3956D46DE8}") = "ge", "ge", "{71475BB4-AEA0-4F25-8113-FABF8B8FEB78}"
EndProject
Project("{2150E333-8FDC-42A3-9474-1A3956D46DE8}") = "src", "src", "{0AB34C0D-A377-4A26-A029-1CEA4AD1B446}"
EndProject
Project("{13B669BE-BB05-4DDF-9536-439F39A36129}") = "Editor", "ge\src\Editor\Editor.csproj", "{AE9BC745-284F-569F-82AA-C43AB9425DF2}"
EndProject
Project("{13B669BE-BB05-4DDF-9536-439F39A36129}") = "Engine", "ge\src\Engine\Engine.csproj", "{9BFBA3A1-21D4-4CBD-B0E1-A4F3AB80FD30}"
EndProject
Project("{2150E333-8FDC-42A3-9474-1A3956D46DE8}") = "ext", "ext", "{DFF3ABAA-7E37-447A-9DDD-16EF785673BA}"
EndProject
Project("{2150E333-8FDC-42A3-9474-1A3956D46DE8}") = "veldrid", "veldrid", "{D81FE6E7-4769-4DFE-AEFC-BC5185A5EDEE}"
EndProject
Project("{2150E333-8FDC-42A3-9474-1A3956D46DE8}") = "src", "src", "{8E9C1D60-0C9C-40FD-B9A6-F5C385DEF7D2}"
EndProject
Project("{13B669BE-BB05-4DDF-9536-439F39A36129}") = "Veldrid", "ge\ext\veldrid\src\Veldrid\Veldrid.csproj", "{C2D8E794-D5DE-4191-9BBD-A2A7EA527B60}"
EndProject
Project("{13B669BE-BB05-4DDF-9536-439F39A36129}") = "Veldrid.Assets", "ge\ext\veldrid\src\Veldrid.Assets\Veldrid.Assets.csproj", "{F0535751-DFEC-4A4A-B6EF-319EFA311FB2}"
EndProject
Global
	GlobalSection(SolutionConfigurationPlatforms) = preSolution
		Debug|Any CPU = Debug|Any CPU
		Debug|x64 = Debug|x64
		Debug|x86 = Debug|x86
		Release|Any CPU = Release|Any CPU
		Release|x64 = Release|x64
		Release|x86 = Release|x86
	EndGlobalSection
	GlobalSection(SolutionProperties) = preSolution
		HideSolutionNode = FALSE
	EndGlobalSection
	GlobalSection(ProjectConfigurationPlatforms) = postSolution
		{0068F33A-64B0-4D95-A129-44A02B035503}.Debug|Any CPU.ActiveCfg = Debug|Any CPU
		{0068F33A-64B0-4D95-A129-44A02B035503}.Debug|Any CPU.Build.0 = Debug|Any CPU
		{0068F33A-64B0-4D95-A129-44A02B035503}.Debug|x64.ActiveCfg = Debug|x64
		{0068F33A-64B0-4D95-A129-44A02B035503}.Debug|x64.Build.0 = Debug|x64
		{0068F33A-64B0-4D95-A129-44A02B035503}.Debug|x86.ActiveCfg = Debug|x86
		{0068F33A-64B0-4D95-A129-44A02B035503}.Debug|x86.Build.0 = Debug|x86
		{0068F33A-64B0-4D95-A129-44A02B035503}.Release|Any CPU.ActiveCfg = Release|Any CPU
		{0068F33A-64B0-4D95-A129-44A02B035503}.Release|Any CPU.Build.0 = Release|Any CPU
		{0068F33A-64B0-4D95-A129-44A02B035503}.Release|x64.ActiveCfg = Release|x64
		{0068F33A-64B0-4D95-A129-44A02B035503}.Release|x64.Build.0 = Release|x64
		{0068F33A-64B0-4D95-A129-44A02B035503}.Release|x86.ActiveCfg = Release|x86
		{0068F33A-64B0-4D95-A129-44A02B035503}.Release|x86.Build.0 = Release|x86
		{AE9BC745-284F-569F-82AA-C43AB9425DF2}.Debug|Any CPU.ActiveCfg = Debug|Any CPU
		{AE9BC745-284F-569F-82AA-C43AB9425DF2}.Debug|Any CPU.Build.0 = Debug|Any CPU
		{AE9BC745-284F-569F-82AA-C43AB9425DF2}.Debug|x64.ActiveCfg = Debug|x64
		{AE9BC745-284F-569F-82AA-C43AB9425DF2}.Debug|x64.Build.0 = Debug|x64
		{AE9BC745-284F-569F-82AA-C43AB9425DF2}.Debug|x86.ActiveCfg = Debug|x86
		{AE9BC745-284F-569F-82AA-C43AB9425DF2}.Debug|x86.Build.0 = Debug|x86
		{AE9BC745-284F-569F-82AA-C43AB9425DF2}.Release|Any CPU.ActiveCfg = Release|Any CPU
		{AE9BC745-284F-569F-82AA-C43AB9425DF2}.Release|Any CPU.Build.0 = Release|Any CPU
		{AE9BC745-284F-569F-82AA-C43AB9425DF2}.Release|x64.ActiveCfg = Release|x64
		{AE9BC745-284F-569F-82AA-C43AB9425DF2}.Release|x64.Build.0 = Release|x64
		{AE9BC745-284F-569F-82AA-C43AB9425DF2}.Release|x86.ActiveCfg = Release|x86
		{AE9BC745-284F-569F-82AA-C43AB9425DF2}.Release|x86.Build.0 = Release|x86
		{9BFBA3A1-21D4-4CBD-B0E1-A4F3AB80FD30}.Debug|Any CPU.ActiveCfg = Debug|Any CPU
		{9BFBA3A1-21D4-4CBD-B0E1-A4F3AB80FD30}.Debug|Any CPU.Build.0 = Debug|Any CPU
		{9BFBA3A1-21D4-4CBD-B0E1-A4F3AB80FD30}.Debug|x64.ActiveCfg = Debug|x64
		{9BFBA3A1-21D4-4CBD-B0E1-A4F3AB80FD30}.Debug|x64.Build.0 = Debug|x64
		{9BFBA3A1-21D4-4CBD-B0E1-A4F3AB80FD30}.Debug|x86.ActiveCfg = Debug|x86
		{9BFBA3A1-21D4-4CBD-B0E1-A4F3AB80FD30}.Debug|x86.Build.0 = Debug|x86
		{9BFBA3A1-21D4-4CBD-B0E1-A4F3AB80FD30}.Release|Any CPU.ActiveCfg = Release|Any CPU
		{9BFBA3A1-21D4-4CBD-B0E1-A4F3AB80FD30}.Release|Any CPU.Build.0 = Release|Any CPU
		{9BFBA3A1-21D4-4CBD-B0E1-A4F3AB80FD30}.Release|x64.ActiveCfg = Release|x64
		{9BFBA3A1-21D4-4CBD-B0E1-A4F3AB80FD30}.Release|x64.Build.0 = Release|x64
		{9BFBA3A1-21D4-4CBD-B0E1-A4F3AB80FD30}.Release|x86.ActiveCfg = Release|x86
		{9BFBA3A1-21D4-4CBD-B0E1-A4F3AB80FD30}.Release|x86.Build.0 = Release|x86
		{C2D8E794-D5DE-4191-9BBD-A2A7EA527B60}.Debug|Any CPU.ActiveCfg = Debug|Any CPU
		{C2D8E794-D5DE-4191-9BBD-A2A7EA527B60}.Debug|Any CPU.Build.0 = Debug|Any CPU
		{C2D8E794-D5DE-4191-9BBD-A2A7EA527B60}.Debug|x64.ActiveCfg = Debug|x64
		{C2D8E794-D5DE-4191-9BBD-A2A7EA527B60}.Debug|x64.Build.0 = Debug|x64
		{C2D8E794-D5DE-4191-9BBD-A2A7EA527B60}.Debug|x86.ActiveCfg = Debug|x86
		{C2D8E794-D5DE-4191-9BBD-A2A7EA527B60}.Debug|x86.Build.0 = Debug|x86
		{C2D8E794-D5DE-4191-9BBD-A2A7EA527B60}.Release|Any CPU.ActiveCfg = Release|Any CPU
		{C2D8E794-D5DE-4191-9BBD-A2A7EA527B60}.Release|Any CPU.Build.0 = Release|Any CPU
		{C2D8E794-D5DE-4191-9BBD-A2A7EA527B60}.Release|x64.ActiveCfg = Release|x64
		{C2D8E794-D5DE-4191-9BBD-A2A7EA527B60}.Release|x64.Build.0 = Release|x64
		{C2D8E794-D5DE-4191-9BBD-A2A7EA527B60}.Release|x86.ActiveCfg = Release|x86
		{C2D8E794-D5DE-4191-9BBD-A2A7EA527B60}.Release|x86.Build.0 = Release|x86
		{F0535751-DFEC-4A4A-B6EF-319EFA311FB2}.Debug|Any CPU.ActiveCfg = Debug|Any CPU
		{F0535751-DFEC-4A4A-B6EF-319EFA311FB2}.Debug|Any CPU.Build.0 = Debug|Any CPU
		{F0535751-DFEC-4A4A-B6EF-319EFA311FB2}.Debug|x64.ActiveCfg = Debug|x64
		{F0535751-DFEC-4A4A-B6EF-319EFA311FB2}.Debug|x64.Build.0 = Debug|x64
		{F0535751-DFEC-4A4A-B6EF-319EFA311FB2}.Debug|x86.ActiveCfg = Debug|x86
		{F0535751-DFEC-4A4A-B6EF-319EFA311FB2}.Debug|x86.Build.0 = Debug|x86
		{F0535751-DFEC-4A4A-B6EF-319EFA311FB2}.Release|Any CPU.ActiveCfg = Release|Any CPU
		{F0535751-DFEC-4A4A-B6EF-319EFA311FB2}.Release|Any CPU.Build.0 = Release|Any CPU
		{F0535751-DFEC-4A4A-B6EF-319EFA311FB2}.Release|x64.ActiveCfg = Release|x64
		{F0535751-DFEC-4A4A-B6EF-319EFA311FB2}.Release|x64.Build.0 = Release|x64
		{F0535751-DFEC-4A4A-B6EF-319EFA311FB2}.Release|x86.ActiveCfg = Release|x86
		{F0535751-DFEC-4A4A-B6EF-319EFA311FB2}.Release|x86.Build.0 = Release|x86
	EndGlobalSection
	GlobalSection(NestedProjects) = preSolution
		{0068F33A-64B0-4D95-A129-44A02B035503} = {08E647B6-AF77-4993-9D23-F31AC2FDAFFD}
		{0AB34C0D-A377-4A26-A029-1CEA4AD1B446} = {71475BB4-AEA0-4F25-8113-FABF8B8FEB78}
		{AE9BC745-284F-569F-82AA-C43AB9425DF2} = {0AB34C0D-A377-4A26-A029-1CEA4AD1B446}
		{9BFBA3A1-21D4-4CBD-B0E1-A4F3AB80FD30} = {0AB34C0D-A377-4A26-A029-1CEA4AD1B446}
		{DFF3ABAA-7E37-447A-9DDD-16EF785673BA} = {71475BB4-AEA0-4F25-8113-FABF8B8FEB78}
		{D81FE6E7-4769-4DFE-AEFC-BC5185A5EDEE} = {DFF3ABAA-7E37-447A-9DDD-16EF785673BA}
		{8E9C1D60-0C9C-40FD-B9A6-F5C385DEF7D2} = {D81FE6E7-4769-4DFE-AEFC-BC5185A5EDEE}
		{C2D8E794-D5DE-4191-9BBD-A2A7EA527B60} = {8E9C1D60-0C9C-40FD-B9A6-F5C385DEF7D2}
		{F0535751-DFEC-4A4A-B6EF-319EFA311FB2} = {8E9C1D60-0C9C-40FD-B9A6-F5C385DEF7D2}
	EndGlobalSection
EndGlobal
